
Microsoft Visual Studio Solution File, Format Version 12.00
# Visual Studio Version 16
VisualStudioVersion = 16.0.31205.134
MinimumVisualStudioVersion = 10.0.40219.1
Project("{FAE04EC0-301F-11D3-BF4B-00C04F79EFBC}") = "ViewingImagesTask", "ViewingImagesTask\ViewingImagesTask.csproj", "{661EDEA9-FD8A-4182-B0B2-0761ABCAA0A8}"
EndProject
Global
	GlobalSection(SolutionConfigurationPlatforms) = preSolution
		Debug|Any CPU = Debug|Any CPU
		Release|Any CPU = Release|Any CPU
	EndGlobalSection
	GlobalSection(ProjectConfigurationPlatforms) = postSolution
		{661EDEA9-FD8A-4182-B0B2-0761ABCAA0A8}.Debug|Any CPU.ActiveCfg = Debug|Any CPU
		{661EDEA9-FD8A-4182-B0B2-0761ABCAA0A8}.Debug|Any CPU.Build.0 = Debug|Any CPU
		{661EDEA9-FD8A-4182-B0B2-0761ABCAA0A8}.Release|Any CPU.ActiveCfg = Release|Any CPU
		{661EDEA9-FD8A-4182-B0B2-0761ABCAA0A8}.Release|Any CPU.Build.0 = Release|Any CPU
	EndGlobalSection
	GlobalSection(SolutionProperties) = preSolution
		HideSolutionNode = FALSE
	EndGlobalSection
	GlobalSection(ExtensibilityGlobals) = postSolution
		SolutionGuid = {BB312E79-D421-449B-8029-C16F4A80975A}
	EndGlobalSection
EndGlobal
